
Microsoft Visual Studio Solution File, Format Version 11.00
# Visual Studio 2010
Project("{FAE04EC0-301F-11D3-BF4B-00C04F79EFBC}") = "CellNoiseDemo", "CellNoiseDemo\CellNoiseDemo.csproj", "{1B562940-9E67-40AE-9E11-127C197663AD}"
EndProject
Project("{FAE04EC0-301F-11D3-BF4B-00C04F79EFBC}") = "CellNoiseDemo.Web", "CellNoiseDemo.Web\CellNoiseDemo.Web.csproj", "{B3618A82-1FF5-48A8-B29F-BF7C4D011694}"
EndProject
Global
	GlobalSection(SolutionConfigurationPlatforms) = preSolution
		Debug|Any CPU = Debug|Any CPU
		Release|Any CPU = Release|Any CPU
	EndGlobalSection
	GlobalSection(ProjectConfigurationPlatforms) = postSolution
		{1B562940-9E67-40AE-9E11-127C197663AD}.Debug|Any CPU.ActiveCfg = Debug|Any CPU
		{1B562940-9E67-40AE-9E11-127C197663AD}.Debug|Any CPU.Build.0 = Debug|Any CPU
		{1B562940-9E67-40AE-9E11-127C197663AD}.Release|Any CPU.ActiveCfg = Release|Any CPU
		{1B562940-9E67-40AE-9E11-127C197663AD}.Release|Any CPU.Build.0 = Release|Any CPU
		{B3618A82-1FF5-48A8-B29F-BF7C4D011694}.Debug|Any CPU.ActiveCfg = Debug|Any CPU
		{B3618A82-1FF5-48A8-B29F-BF7C4D011694}.Debug|Any CPU.Build.0 = Debug|Any CPU
		{B3618A82-1FF5-48A8-B29F-BF7C4D011694}.Release|Any CPU.ActiveCfg = Release|Any CPU
		{B3618A82-1FF5-48A8-B29F-BF7C4D011694}.Release|Any CPU.Build.0 = Release|Any CPU
	EndGlobalSection
	GlobalSection(SolutionProperties) = preSolution
		HideSolutionNode = FALSE
	EndGlobalSection
EndGlobal
